
Microsoft Visual Studio Solution File, Format Version 12.00
# Visual Studio Version 17
VisualStudioVersion = 17.3.32922.545
MinimumVisualStudioVersion = 10.0.40219.1
Project("{FAE04EC0-301F-11D3-BF4B-00C04F79EFBC}") = "Bai tap", "Bai tap\Bai tap.csproj", "{29C0295E-519F-47D8-B639-F8124F2B1D76}"
EndProject
Project("{2150E333-8FDC-42A3-9474-1A3956D46DE8}") = "Solution Items", "Solution Items", "{23527850-2D3B-4B92-907C-3EA87513951F}"
EndProject
Global
	GlobalSection(SolutionConfigurationPlatforms) = preSolution
		Debug|Any CPU = Debug|Any CPU
		Release|Any CPU = Release|Any CPU
	EndGlobalSection
	GlobalSection(ProjectConfigurationPlatforms) = postSolution
		{29C0295E-519F-47D8-B639-F8124F2B1D76}.Debug|Any CPU.ActiveCfg = Debug|Any CPU
		{29C0295E-519F-47D8-B639-F8124F2B1D76}.Debug|Any CPU.Build.0 = Debug|Any CPU
		{29C0295E-519F-47D8-B639-F8124F2B1D76}.Release|Any CPU.ActiveCfg = Release|Any CPU
		{29C0295E-519F-47D8-B639-F8124F2B1D76}.Release|Any CPU.Build.0 = Release|Any CPU
	EndGlobalSection
	GlobalSection(SolutionProperties) = preSolution
		HideSolutionNode = FALSE
	EndGlobalSection
	GlobalSection(ExtensibilityGlobals) = postSolution
		SolutionGuid = {CE70A8F3-E2F6-4E0A-9A91-80A5E6ECE106}
	EndGlobalSection
EndGlobal
